
Microsoft Visual Studio Solution File, Format Version 12.00
Project("{FAE04EC0-301F-11D3-BF4B-00C04F79EFBC}") = "HasPairWithSumChallenge", "HasPairWithSumChallenge\HasPairWithSumChallenge.csproj", "{78BF6C6A-3795-4CA9-B4B5-7E408D49D1D7}"
EndProject
Global
	GlobalSection(SolutionConfigurationPlatforms) = preSolution
		Debug|Any CPU = Debug|Any CPU
		Release|Any CPU = Release|Any CPU
	EndGlobalSection
	GlobalSection(ProjectConfigurationPlatforms) = postSolution
		{78BF6C6A-3795-4CA9-B4B5-7E408D49D1D7}.Debug|Any CPU.ActiveCfg = Debug|Any CPU
		{78BF6C6A-3795-4CA9-B4B5-7E408D49D1D7}.Debug|Any CPU.Build.0 = Debug|Any CPU
		{78BF6C6A-3795-4CA9-B4B5-7E408D49D1D7}.Release|Any CPU.ActiveCfg = Release|Any CPU
		{78BF6C6A-3795-4CA9-B4B5-7E408D49D1D7}.Release|Any CPU.Build.0 = Release|Any CPU
	EndGlobalSection
EndGlobal
